// !$*UTF8*$!
{
	archiveVersion = 1;
	classes = {
	};
	objectVersion = 46;
	objects = {

/* Begin PBXBuildFile section */
		5D9319401C600CD400C897C1 /* AppDelegate.swift in Sources */ = {isa = PBXBuildFile; fileRef = 5D93193F1C600CD400C897C1 /* AppDelegate.swift */; };
		5D9319421C600CD400C897C1 /* ViewController.swift in Sources */ = {isa = PBXBuildFile; fileRef = 5D9319411C600CD400C897C1 /* ViewController.swift */; };
		5D9319451C600CD400C897C1 /* Main.storyboard in Resources */ = {isa = PBXBuildFile; fileRef = 5D9319431C600CD400C897C1 /* Main.storyboard */; };
		5D9319471C600CD400C897C1 /* Assets.xcassets in Resources */ = {isa = PBXBuildFile; fileRef = 5D9319461C600CD400C897C1 /* Assets.xcassets */; };
		5D93194A1C600CD400C897C1 /* LaunchScreen.storyboard in Resources */ = {isa = PBXBuildFile; fileRef = 5D9319481C600CD400C897C1 /* LaunchScreen.storyboard */; };
		5DDE6C5A1CC3519A00FCD14A /* DetailViewController.swift in Sources */ = {isa = PBXBuildFile; fileRef = 5DDE6C591CC3519A00FCD14A /* DetailViewController.swift */; };
/* End PBXBuildFile section */

/* Begin PBXFileReference section */
		5D93193C1C600CD400C897C1 /* MeetupApi.app */ = {isa = PBXFileReference; explicitFileType = wrapper.application; includeInIndex = 0; path = MeetupApi.app; sourceTree = BUILT_PRODUCTS_DIR; };
		5D93193F1C600CD400C897C1 /* AppDelegate.swift */ = {isa = PBXFileReference; lastKnownFileType = sourcecode.swift; path = AppDelegate.swift; sourceTree = "<group>"; };
		5D9319411C600CD400C897C1 /* ViewController.swift */ = {isa = PBXFileReference; lastKnownFileType = sourcecode.swift; path = ViewController.swift; sourceTree = "<group>"; };
		5D9319441C600CD400C897C1 /* Base */ = {isa = PBXFileReference; lastKnownFileType = file.storyboard; name = Base; path = Base.lproj/Main.storyboard; sourceTree = "<group>"; };
		5D9319461C600CD400C897C1 /* Assets.xcassets */ = {isa = PBXFileReference; lastKnownFileType = folder.assetcatalog; path = Assets.xcassets; sourceTree = "<group>"; };
		5D9319491C600CD400C897C1 /* Base */ = {isa = PBXFileReference; lastKnownFileType = file.storyboard; name = Base; path = Base.lproj/LaunchScreen.storyboard; sourceTree = "<group>"; };
		5D93194B1C600CD400C897C1 /* Info.plist */ = {isa = PBXFileReference; lastKnownFileType = text.plist.xml; path = Info.plist; sourceTree = "<group>"; };
		5DDE6C591CC3519A00FCD14A /* DetailViewController.swift */ = {isa = PBXFileReference; fileEncoding = 4; lastKnownFileType = sourcecode.swift; path = DetailViewController.swift; sourceTree = "<group>"; };
/* End PBXFileReference section */

/* Begin PBXFrameworksBuildPhase section */
		5D9319391C600CD400C897C1 /* Frameworks */ = {
			isa = PBXFrameworksBuildPhase;
			buildActionMask = 2147483647;
			files = (
			);
			runOnlyForDeploymentPostprocessing = 0;
		};
/* End PBXFrameworksBuildPhase section */

/* Begin PBXGroup section */
		5D9319331C600CD400C897C1 = {
			isa = PBXGroup;
			children = (
				5D93193E1C600CD400C897C1 /* MeetupApi */,
				5D93193D1C600CD400C897C1 /* Products */,
			);
			sourceTree = "<group>";
		};
		5D93193D1C600CD400C897C1 /* Products */ = {
			isa = PBXGroup;
			children = (
				5D93193C1C600CD400C897C1 /* MeetupApi.app */,
			);
			name = Products;
			sourceTree = "<group>";
		};
		5D93193E1C600CD400C897C1 /* MeetupApi */ = {
			isa = PBXGroup;
			children = (
				5D93193F1C600CD400C897C1 /* AppDelegate.swift */,
				5D9319411C600CD400C897C1 /* ViewController.swift */,
				5DDE6C591CC3519A00FCD14A /* DetailViewController.swift */,
				5D9319431C600CD400C897C1 /* Main.storyboard */,
				5D9319461C600CD400C897C1 /* Assets.xcassets */,
				5D9319481C600CD400C897C1 /* LaunchScreen.storyboard */,
				5D93194B1C600CD400C897C1 /* Info.plist */,
			);
			path = MeetupApi;
			sourceTree = "<group>";
		};
/* End PBXGroup section */

/* Begin PBXNativeTarget section */
		5D93193B1C600CD400C897C1 /* MeetupApi */ = {
			isa = PBXNativeTarget;
			buildConfigurationList = 5D93194E1C600CD400C897C1 /* Build configuration list for PBXNativeTarget "MeetupApi" */;
			buildPhases = (
				5D9319381C600CD400C897C1 /* Sources */,
				5D9319391C600CD400C897C1 /* Frameworks */,
				5D93193A1C600CD400C897C1 /* Resources */,
			);
			buildRules = (
			);
			dependencies = (
			);
			name = MeetupApi;
			productName = MeetupApi;
			productReference = 5D93193C1C600CD400C897C1 /* MeetupApi.app */;
			productType = "com.apple.product-type.application";
		};
/* End PBXNativeTarget section */

/* Begin PBXProject section */
		5D9319341C600CD400C897C1 /* Project object */ = {
			isa = PBXProject;
			attributes = {
				LastSwiftUpdateCheck = 0720;
				LastUpgradeCheck = 0720;
				ORGANIZATIONNAME = "M1ndful M3d1a";
				TargetAttributes = {
					5D93193B1C600CD400C897C1 = {
						CreatedOnToolsVersion = 7.2;
					};
				};
			};
			buildConfigurationList = 5D9319371C600CD400C897C1 /* Build configuration list for PBXProject "MeetupApi" */;
			compatibilityVersion = "Xcode 3.2";
			developmentRegion = English;
			hasScannedForEncodings = 0;
			knownRegions = (
				en,
				Base,
			);
			mainGroup = 5D9319331C600CD400C897C1;
			productRefGroup = 5D93193D1C600CD400C897C1 /* Products */;
			projectDirPath = "";
			projectRoot = "";
			targets = (
				5D93193B1C600CD400C897C1 /* MeetupApi */,
			);
		};
/* End PBXProject section */

/* Begin PBXResourcesBuildPhase section */
		5D93193A1C600CD400C897C1 /* Resources */ = {
			isa = PBXResourcesBuildPhase;
			buildActionMask = 2147483647;
			files = (
				5D93194A1C600CD400C897C1 /* LaunchScreen.storyboard in Resources */,
				5D9319471C600CD400C897C1 /* Assets.xcassets in Resources */,
				5D9319451C600CD400C897C1 /* Main.storyboard in Resources */,
			);
			runOnlyForDeploymentPostprocessing = 0;
		};
/* End PBXResourcesBuildPhase section */

/* Begin PBXSourcesBuildPhase section */
		5D9319381C600CD400C897C1 /* Sources */ = {
			isa = PBXSourcesBuildPhase;
			buildActionMask = 2147483647;
			files = (
				5DDE6C5A1CC3519A00FCD14A /* DetailViewController.swift in Sources */,
				5D9319421C600CD400C897C1 /* ViewController.swift in Sources */,
				5D9319401C600CD400C897C1 /* AppDelegate.swift in Sources */,
			);
			runOnlyForDeploymentPostprocessing = 0;
		};
/* End PBXSourcesBuildPhase section */

/* Begin PBXVariantGroup section */
		5D9319431C600CD400C897C1 /* Main.storyboard */ = {
			isa = PBXVariantGroup;
			children = (
				5D9319441C600CD400C897C1 /* Base */,
			);
			name = Main.storyboard;
			sourceTree = "<group>";
		};
		5D9319481C600CD400C897C1 /* LaunchScreen.storyboard */ = {
			isa = PBXVariantGroup;
			children = (
				5D9319491C600CD400C897C1 /* Base */,
			);
			name = LaunchScreen.storyboard;
			sourceTree = "<group>";
		};
/* End PBXVariantGroup section */

/* Begin XCBuildConfiguration section */
		5D93194C1C600CD400C897C1 /* Debug */ = {
			isa = XCBuildConfiguration;
			buildSettings = {
				ALWAYS_SEARCH_USER_PATHS = NO;
				CLANG_CXX_LANGUAGE_STANDARD = "gnu++0x";
				CLANG_CXX_LIBRARY = "libc++";
				CLANG_ENABLE_MODULES = YES;
				CLANG_ENABLE_OBJC_ARC = YES;
				CLANG_WARN_BOOL_CONVERSION = YES;
				CLANG_WARN_CONSTANT_CONVERSION = YES;
				CLANG_WARN_DIRECT_OBJC_ISA_USAGE = YES_ERROR;
				CLANG_WARN_EMPTY_BODY = YES;
				CLANG_WARN_ENUM_CONVERSION = YES;
				CLANG_WARN_INT_CONVERSION = YES;
				CLANG_WARN_OBJC_ROOT_CLASS = YES_ERROR;
				CLANG_WARN_UNREACHABLE_CODE = YES;
				CLANG_WARN__DUPLICATE_METHOD_MATCH = YES;
				"CODE_SIGN_IDENTITY[sdk=iphoneos*]" = "iPhone Developer";
				COPY_PHASE_STRIP = NO;
				DEBUG_INFORMATION_FORMAT = dwarf;
				ENABLE_STRICT_OBJC_MSGSEND = YES;
				ENABLE_TESTABILITY = YES;
				GCC_C_LANGUAGE_STANDARD = gnu99;
				GCC_DYNAMIC_NO_PIC = NO;
				GCC_NO_COMMON_BLOCKS = YES;
				GCC_OPTIMIZATION_LEVEL = 0;
				GCC_PREPROCESSOR_DEFINITIONS = (
					"DEBUG=1",
					"$(inherited)",
				);
				GCC_WARN_64_TO_32_BIT_CONVERSION = YES;
				GCC_WARN_ABOUT_RETURN_TYPE = YES_ERROR;
				GCC_WARN_UNDECLARED_SELECTOR = YES;
				GCC_WARN_UNINITIALIZED_AUTOS = YES_AGGRESSIVE;
				GCC_WARN_UNUSED_FUNCTION = YES;
				GCC_WARN_UNUSED_VARIABLE = YES;
				IPHONEOS_DEPLOYMENT_TARGET = 9.2;
				MTL_ENABLE_DEBUG_INFO = YES;
				ONLY_ACTIVE_ARCH = YES;
				SDKROOT = iphoneos;
				SWIFT_OPTIMIZATION_LEVEL = "-Onone";
			};
			name = Debug;
		};
		5D93194D1C600CD400C897C1 /* Release */ = {
			isa = XCBuildConfiguration;
			buildSettings = {
				ALWAYS_SEARCH_USER_PATHS = NO;
				CLANG_CXX_LANGUAGE_STANDARD = "gnu++0x";
				CLANG_CXX_LIBRARY = "libc++";
				CLANG_ENABLE_MODULES = YES;
				CLANG_ENABLE_OBJC_ARC = YES;
				CLANG_WARN_BOOL_CONVERSION = YES;
				CLANG_WARN_CONSTANT_CONVERSION = YES;
				CLANG_WARN_DIRECT_OBJC_ISA_USAGE = YES_ERROR;
				CLANG_WARN_EMPTY_BODY = YES;
				CLANG_WARN_ENUM_CONVERSION = YES;
				CLANG_WARN_INT_CONVERSION = YES;
				CLANG_WARN_OBJC_ROOT_CLASS = YES_ERROR;
				CLANG_WARN_UNREACHABLE_CODE = YES;
				CLANG_WARN__DUPLICATE_METHOD_MATCH = YES;
				"CODE_SIGN_IDENTITY[sdk=iphoneos*]" = "iPhone Developer";
				COPY_PHASE_STRIP = NO;
				DEBUG_INFORMATION_FORMAT = "dwarf-with-dsym";
				ENABLE_NS_ASSERTIONS = NO;
				ENABLE_STRICT_OBJC_MSGSEND = YES;
				GCC_C_LANGUAGE_STANDARD = gnu99;
				GCC_NO_COMMON_BLOCKS = YES;
				GCC_WARN_64_TO_32_BIT_CONVERSION = YES;
				GCC_WARN_ABOUT_RETURN_TYPE = YES_ERROR;
				GCC_WARN_UNDECLARED_SELECTOR = YES;
				GCC_WARN_UNINITIALIZED_AUTOS = YES_AGGRESSIVE;
				GCC_WARN_UNUSED_FUNCTION = YES;
				GCC_WARN_UNUSED_VARIABLE = YES;
				IPHONEOS_DEPLOYMENT_TARGET = 9.2;
				MTL_ENABLE_DEBUG_INFO = NO;
				SDKROOT = iphoneos;
				VALIDATE_PRODUCT = YES;
			};
			name = Release;
		};
		5D93194F1C600CD400C897C1 /* Debug */ = {
			isa = XCBuildConfiguration;
			buildSettings = {
				ASSETCATALOG_COMPILER_APPICON_NAME = AppIcon;
				INFOPLIST_FILE = MeetupApi/Info.plist;
				LD_RUNPATH_SEARCH_PATHS = "$(inherited) @executable_path/Frameworks";
				PRODUCT_BUNDLE_IDENTIFIER = com.jn4m4573.com.MeetupApi;
				PRODUCT_NAME = "$(TARGET_NAME)";
			};
			name = Debug;
		};
		5D9319501C600CD400C897C1 /* Release */ = {
			isa = XCBuildConfiguration;
			buildSettings = {
				ASSETCATALOG_COMPILER_APPICON_NAME = AppIcon;
				INFOPLIST_FILE = MeetupApi/Info.plist;
				LD_RUNPATH_SEARCH_PATHS = "$(inherited) @executable_path/Frameworks";
				PRODUCT_BUNDLE_IDENTIFIER = com.jn4m4573.com.MeetupApi;
				PRODUCT_NAME = "$(TARGET_NAME)";
			};
			name = Release;
		};
/* End XCBuildConfiguration section */

/* Begin XCConfigurationList section */
		5D9319371C600CD400C897C1 /* Build configuration list for PBXProject "MeetupApi" */ = {
			isa = XCConfigurationList;
			buildConfigurations = (
				5D93194C1C600CD400C897C1 /* Debug */,
				5D93194D1C600CD400C897C1 /* Release */,
			);
			defaultConfigurationIsVisible = 0;
			defaultConfigurationName = Release;
		};
		5D93194E1C600CD400C897C1 /* Build configuration list for PBXNativeTarget "MeetupApi" */ = {
			isa = XCConfigurationList;
			buildConfigurations = (
				5D93194F1C600CD400C897C1 /* Debug */,
				5D9319501C600CD400C897C1 /* Release */,
			);
			defaultConfigurationIsVisible = 0;
			defaultConfigurationName = Release;
		};
/* End XCConfigurationList section */
	};
	rootObject = 5D9319341C600CD400C897C1 /* Project object */;
}
